
Microsoft Visual Studio Solution File, Format Version 12.00
# Visual Studio Version 16
VisualStudioVersion = 16.0.31129.286
MinimumVisualStudioVersion = 10.0.40219.1
Project("{FAE04EC0-301F-11D3-BF4B-00C04F79EFBC}") = "my-books", "my-books\my-books.csproj", "{55BCD9BF-66E7-40C0-8BCE-540ACE4CC0E8}"
EndProject
Global
	GlobalSection(SolutionConfigurationPlatforms) = preSolution
		Debug|Any CPU = Debug|Any CPU
		Release|Any CPU = Release|Any CPU
	EndGlobalSection
	GlobalSection(ProjectConfigurationPlatforms) = postSolution
		{55BCD9BF-66E7-40C0-8BCE-540ACE4CC0E8}.Debug|Any CPU.ActiveCfg = Debug|Any CPU
		{55BCD9BF-66E7-40C0-8BCE-540ACE4CC0E8}.Debug|Any CPU.Build.0 = Debug|Any CPU
		{55BCD9BF-66E7-40C0-8BCE-540ACE4CC0E8}.Release|Any CPU.ActiveCfg = Release|Any CPU
		{55BCD9BF-66E7-40C0-8BCE-540ACE4CC0E8}.Release|Any CPU.Build.0 = Release|Any CPU
	EndGlobalSection
	GlobalSection(SolutionProperties) = preSolution
		HideSolutionNode = FALSE
	EndGlobalSection
	GlobalSection(ExtensibilityGlobals) = postSolution
		SolutionGuid = {A5778981-87FF-47F9-8096-AA4B0E80B97C}
	EndGlobalSection
EndGlobal
